
Microsoft Visual Studio Solution File, Format Version 12.00
# Visual Studio Version 16
VisualStudioVersion = 16.0.31702.278
MinimumVisualStudioVersion = 10.0.40219.1
Project("{8BC9CEB8-8B4A-11D0-8D11-00A0C91BC942}") = "CoreLib", "Project\CoreLib\CoreLib.vcxproj", "{F958FBE8-19EB-41CE-A478-D20D690892AE}"
EndProject
Project("{2150E333-8FDC-42A3-9474-1A3956D46DE8}") = "99_Lib", "99_Lib", "{DD380913-A1CA-4770-99B1-043AEB7206A6}"
EndProject
Project("{2150E333-8FDC-42A3-9474-1A3956D46DE8}") = "00_Chat", "00_Chat", "{1EEE0D41-6755-49B2-8E3A-BFF9349E86DE}"
EndProject
Project("{8BC9CEB8-8B4A-11D0-8D11-00A0C91BC942}") = "ChatClient", "Project\ChatClient\ChatClient.vcxproj", "{259E62F8-8D83-4762-9BF7-B438F3CE855E}"
EndProject
Project("{8BC9CEB8-8B4A-11D0-8D11-00A0C91BC942}") = "ChatServer", "Project\ChatServer\ChatServer.vcxproj", "{09239DC6-D468-4194-9A23-B8B525871C11}"
EndProject
Project("{8BC9CEB8-8B4A-11D0-8D11-00A0C91BC942}") = "ChatProtocol", "Project\ChatProtocol\ChatProtocol.vcxproj", "{D772F76E-C78A-4D6B-8966-699D4240628B}"
EndProject
Project("{8BC9CEB8-8B4A-11D0-8D11-00A0C91BC942}") = "DummyClient", "Project\DummyClient\DummyClient.vcxproj", "{EF4C17BD-7519-40C8-9C84-EB26C67EA687}"
EndProject
Project("{8BC9CEB8-8B4A-11D0-8D11-00A0C91BC942}") = "NetLib", "Project\NetLib\NetLib.vcxproj", "{C908D0D3-5264-46B1-A1CD-948BB58FA0B0}"
EndProject
Global
	GlobalSection(SolutionConfigurationPlatforms) = preSolution
		Debug|x64 = Debug|x64
		Debug|x86 = Debug|x86
		Release|x64 = Release|x64
		Release|x86 = Release|x86
	EndGlobalSection
	GlobalSection(ProjectConfigurationPlatforms) = postSolution
		{F958FBE8-19EB-41CE-A478-D20D690892AE}.Debug|x64.ActiveCfg = Debug|x64
		{F958FBE8-19EB-41CE-A478-D20D690892AE}.Debug|x64.Build.0 = Debug|x64
		{F958FBE8-19EB-41CE-A478-D20D690892AE}.Debug|x86.ActiveCfg = Debug|Win32
		{F958FBE8-19EB-41CE-A478-D20D690892AE}.Debug|x86.Build.0 = Debug|Win32
		{F958FBE8-19EB-41CE-A478-D20D690892AE}.Release|x64.ActiveCfg = Release|x64
		{F958FBE8-19EB-41CE-A478-D20D690892AE}.Release|x64.Build.0 = Release|x64
		{F958FBE8-19EB-41CE-A478-D20D690892AE}.Release|x86.ActiveCfg = Release|Win32
		{F958FBE8-19EB-41CE-A478-D20D690892AE}.Release|x86.Build.0 = Release|Win32
		{259E62F8-8D83-4762-9BF7-B438F3CE855E}.Debug|x64.ActiveCfg = Debug|x64
		{259E62F8-8D83-4762-9BF7-B438F3CE855E}.Debug|x64.Build.0 = Debug|x64
		{259E62F8-8D83-4762-9BF7-B438F3CE855E}.Debug|x86.ActiveCfg = Debug|Win32
		{259E62F8-8D83-4762-9BF7-B438F3CE855E}.Debug|x86.Build.0 = Debug|Win32
		{259E62F8-8D83-4762-9BF7-B438F3CE855E}.Release|x64.ActiveCfg = Release|x64
		{259E62F8-8D83-4762-9BF7-B438F3CE855E}.Release|x64.Build.0 = Release|x64
		{259E62F8-8D83-4762-9BF7-B438F3CE855E}.Release|x86.ActiveCfg = Release|Win32
		{259E62F8-8D83-4762-9BF7-B438F3CE855E}.Release|x86.Build.0 = Release|Win32
		{09239DC6-D468-4194-9A23-B8B525871C11}.Debug|x64.ActiveCfg = Debug|x64
		{09239DC6-D468-4194-9A23-B8B525871C11}.Debug|x64.Build.0 = Debug|x64
		{09239DC6-D468-4194-9A23-B8B525871C11}.Debug|x86.ActiveCfg = Debug|Win32
		{09239DC6-D468-4194-9A23-B8B525871C11}.Debug|x86.Build.0 = Debug|Win32
		{09239DC6-D468-4194-9A23-B8B525871C11}.Release|x64.ActiveCfg = Release|x64
		{09239DC6-D468-4194-9A23-B8B525871C11}.Release|x64.Build.0 = Release|x64
		{09239DC6-D468-4194-9A23-B8B525871C11}.Release|x86.ActiveCfg = Release|Win32
		{09239DC6-D468-4194-9A23-B8B525871C11}.Release|x86.Build.0 = Release|Win32
		{D772F76E-C78A-4D6B-8966-699D4240628B}.Debug|x64.ActiveCfg = Debug|x64
		{D772F76E-C78A-4D6B-8966-699D4240628B}.Debug|x64.Build.0 = Debug|x64
		{D772F76E-C78A-4D6B-8966-699D4240628B}.Debug|x86.ActiveCfg = Debug|Win32
		{D772F76E-C78A-4D6B-8966-699D4240628B}.Debug|x86.Build.0 = Debug|Win32
		{D772F76E-C78A-4D6B-8966-699D4240628B}.Release|x64.ActiveCfg = Release|x64
		{D772F76E-C78A-4D6B-8966-699D4240628B}.Release|x64.Build.0 = Release|x64
		{D772F76E-C78A-4D6B-8966-699D4240628B}.Release|x86.ActiveCfg = Release|Win32
		{D772F76E-C78A-4D6B-8966-699D4240628B}.Release|x86.Build.0 = Release|Win32
		{EF4C17BD-7519-40C8-9C84-EB26C67EA687}.Debug|x64.ActiveCfg = Debug|x64
		{EF4C17BD-7519-40C8-9C84-EB26C67EA687}.Debug|x64.Build.0 = Debug|x64
		{EF4C17BD-7519-40C8-9C84-EB26C67EA687}.Debug|x86.ActiveCfg = Debug|Win32
		{EF4C17BD-7519-40C8-9C84-EB26C67EA687}.Debug|x86.Build.0 = Debug|Win32
		{EF4C17BD-7519-40C8-9C84-EB26C67EA687}.Release|x64.ActiveCfg = Release|x64
		{EF4C17BD-7519-40C8-9C84-EB26C67EA687}.Release|x64.Build.0 = Release|x64
		{EF4C17BD-7519-40C8-9C84-EB26C67EA687}.Release|x86.ActiveCfg = Release|Win32
		{EF4C17BD-7519-40C8-9C84-EB26C67EA687}.Release|x86.Build.0 = Release|Win32
		{C908D0D3-5264-46B1-A1CD-948BB58FA0B0}.Debug|x64.ActiveCfg = Debug|x64
		{C908D0D3-5264-46B1-A1CD-948BB58FA0B0}.Debug|x64.Build.0 = Debug|x64
		{C908D0D3-5264-46B1-A1CD-948BB58FA0B0}.Debug|x86.ActiveCfg = Debug|Win32
		{C908D0D3-5264-46B1-A1CD-948BB58FA0B0}.Debug|x86.Build.0 = Debug|Win32
		{C908D0D3-5264-46B1-A1CD-948BB58FA0B0}.Release|x64.ActiveCfg = Release|x64
		{C908D0D3-5264-46B1-A1CD-948BB58FA0B0}.Release|x64.Build.0 = Release|x64
		{C908D0D3-5264-46B1-A1CD-948BB58FA0B0}.Release|x86.ActiveCfg = Release|Win32
		{C908D0D3-5264-46B1-A1CD-948BB58FA0B0}.Release|x86.Build.0 = Release|Win32
	EndGlobalSection
	GlobalSection(SolutionProperties) = preSolution
		HideSolutionNode = FALSE
	EndGlobalSection
	GlobalSection(NestedProjects) = preSolution
		{F958FBE8-19EB-41CE-A478-D20D690892AE} = {DD380913-A1CA-4770-99B1-043AEB7206A6}
		{259E62F8-8D83-4762-9BF7-B438F3CE855E} = {1EEE0D41-6755-49B2-8E3A-BFF9349E86DE}
		{09239DC6-D468-4194-9A23-B8B525871C11} = {1EEE0D41-6755-49B2-8E3A-BFF9349E86DE}
		{D772F76E-C78A-4D6B-8966-699D4240628B} = {1EEE0D41-6755-49B2-8E3A-BFF9349E86DE}
		{EF4C17BD-7519-40C8-9C84-EB26C67EA687} = {1EEE0D41-6755-49B2-8E3A-BFF9349E86DE}
		{C908D0D3-5264-46B1-A1CD-948BB58FA0B0} = {DD380913-A1CA-4770-99B1-043AEB7206A6}
	EndGlobalSection
	GlobalSection(ExtensibilityGlobals) = postSolution
		SolutionGuid = {CA422707-798F-453E-8124-E022F4D054E5}
	EndGlobalSection
EndGlobal
